// !$*UTF8*$!
{
	archiveVersion = 1;
	classes = {
	};
	objectVersion = 55;
	objects = {

/* Begin PBXBuildFile section */
		2D0A1A6728A3E25E003FC3FB /* Elizbar_projectApp.swift in Sources */ = {isa = PBXBuildFile; fileRef = 2D0A1A6628A3E25E003FC3FB /* Elizbar_projectApp.swift */; };
		2D0A1A6928A3E25E003FC3FB /* ContentView.swift in Sources */ = {isa = PBXBuildFile; fileRef = 2D0A1A6828A3E25E003FC3FB /* ContentView.swift */; };
		2D0A1A6B28A3E265003FC3FB /* Assets.xcassets in Resources */ = {isa = PBXBuildFile; fileRef = 2D0A1A6A28A3E265003FC3FB /* Assets.xcassets */; };
		2D0A1A6E28A3E265003FC3FB /* Preview Assets.xcassets in Resources */ = {isa = PBXBuildFile; fileRef = 2D0A1A6D28A3E265003FC3FB /* Preview Assets.xcassets */; };
		2D0A1A7D28A3E336003FC3FB /* FeedView.swift in Sources */ = {isa = PBXBuildFile; fileRef = 2D0A1A7C28A3E336003FC3FB /* FeedView.swift */; };
		2D0A1A8028A3E4BA003FC3FB /* postCellView.swift in Sources */ = {isa = PBXBuildFile; fileRef = 2D0A1A7F28A3E4BA003FC3FB /* postCellView.swift */; };
		2D0A1A8328A3E989003FC3FB /* BottomBarView.swift in Sources */ = {isa = PBXBuildFile; fileRef = 2D0A1A8228A3E988003FC3FB /* BottomBarView.swift */; };
		2D0A1A8928A3EAAF003FC3FB /* SearchView.swift in Sources */ = {isa = PBXBuildFile; fileRef = 2D0A1A8828A3EAAF003FC3FB /* SearchView.swift */; };
		2D0A1A8B28A3EADC003FC3FB /* NOtificationView.swift in Sources */ = {isa = PBXBuildFile; fileRef = 2D0A1A8A28A3EADC003FC3FB /* NOtificationView.swift */; };
		2D0A1A8D28A3EAF0003FC3FB /* MessagesView.swift in Sources */ = {isa = PBXBuildFile; fileRef = 2D0A1A8C28A3EAF0003FC3FB /* MessagesView.swift */; };
		2D0A1A9128A3EBA1003FC3FB /* ProfileView.swift in Sources */ = {isa = PBXBuildFile; fileRef = 2D0A1A9028A3EBA1003FC3FB /* ProfileView.swift */; };
		2D0A1A9528A3F234003FC3FB /* PostFilter.swift in Sources */ = {isa = PBXBuildFile; fileRef = 2D0A1A9428A3F234003FC3FB /* PostFilter.swift */; };
		2D0A1A9A28A3F5E9003FC3FB /* UserCellView.swift in Sources */ = {isa = PBXBuildFile; fileRef = 2D0A1A9928A3F5E9003FC3FB /* UserCellView.swift */; };
		2D0A1AA128A3F887003FC3FB /* BurgerMenuCellView.swift in Sources */ = {isa = PBXBuildFile; fileRef = 2D0A1AA028A3F887003FC3FB /* BurgerMenuCellView.swift */; };
		2D0A1AA328A3F89F003FC3FB /* BurgerMenuView.swift in Sources */ = {isa = PBXBuildFile; fileRef = 2D0A1AA228A3F89F003FC3FB /* BurgerMenuView.swift */; };
		2D0A1AA528A3F8BB003FC3FB /* BurgerMenuViewModel.swift in Sources */ = {isa = PBXBuildFile; fileRef = 2D0A1AA428A3F8BB003FC3FB /* BurgerMenuViewModel.swift */; };
		2D0A1AA728A3FA85003FC3FB /* UserInfoView.swift in Sources */ = {isa = PBXBuildFile; fileRef = 2D0A1AA628A3FA85003FC3FB /* UserInfoView.swift */; };
		2D0A1AAC28A40587003FC3FB /* NewPostView.swift in Sources */ = {isa = PBXBuildFile; fileRef = 2D0A1AAB28A40587003FC3FB /* NewPostView.swift */; };
		2D0A1AAE28A40669003FC3FB /* TextPlace.swift in Sources */ = {isa = PBXBuildFile; fileRef = 2D0A1AAD28A40669003FC3FB /* TextPlace.swift */; };
/* End PBXBuildFile section */

/* Begin PBXFileReference section */
		2D0A1A6328A3E25E003FC3FB /* Elizbar_project.app */ = {isa = PBXFileReference; explicitFileType = wrapper.application; includeInIndex = 0; path = Elizbar_project.app; sourceTree = BUILT_PRODUCTS_DIR; };
		2D0A1A6628A3E25E003FC3FB /* Elizbar_projectApp.swift */ = {isa = PBXFileReference; lastKnownFileType = sourcecode.swift; path = Elizbar_projectApp.swift; sourceTree = "<group>"; };
		2D0A1A6828A3E25E003FC3FB /* ContentView.swift */ = {isa = PBXFileReference; lastKnownFileType = sourcecode.swift; path = ContentView.swift; sourceTree = "<group>"; };
		2D0A1A6A28A3E265003FC3FB /* Assets.xcassets */ = {isa = PBXFileReference; lastKnownFileType = folder.assetcatalog; path = Assets.xcassets; sourceTree = "<group>"; };
		2D0A1A6D28A3E265003FC3FB /* Preview Assets.xcassets */ = {isa = PBXFileReference; lastKnownFileType = folder.assetcatalog; path = "Preview Assets.xcassets"; sourceTree = "<group>"; };
		2D0A1A7C28A3E336003FC3FB /* FeedView.swift */ = {isa = PBXFileReference; lastKnownFileType = sourcecode.swift; path = FeedView.swift; sourceTree = "<group>"; };
		2D0A1A7F28A3E4BA003FC3FB /* postCellView.swift */ = {isa = PBXFileReference; lastKnownFileType = sourcecode.swift; path = postCellView.swift; sourceTree = "<group>"; };
		2D0A1A8228A3E988003FC3FB /* BottomBarView.swift */ = {isa = PBXFileReference; lastKnownFileType = sourcecode.swift; path = BottomBarView.swift; sourceTree = "<group>"; };
		2D0A1A8828A3EAAF003FC3FB /* SearchView.swift */ = {isa = PBXFileReference; lastKnownFileType = sourcecode.swift; path = SearchView.swift; sourceTree = "<group>"; };
		2D0A1A8A28A3EADC003FC3FB /* NOtificationView.swift */ = {isa = PBXFileReference; lastKnownFileType = sourcecode.swift; path = NOtificationView.swift; sourceTree = "<group>"; };
		2D0A1A8C28A3EAF0003FC3FB /* MessagesView.swift */ = {isa = PBXFileReference; lastKnownFileType = sourcecode.swift; path = MessagesView.swift; sourceTree = "<group>"; };
		2D0A1A9028A3EBA1003FC3FB /* ProfileView.swift */ = {isa = PBXFileReference; lastKnownFileType = sourcecode.swift; path = ProfileView.swift; sourceTree = "<group>"; };
		2D0A1A9428A3F234003FC3FB /* PostFilter.swift */ = {isa = PBXFileReference; lastKnownFileType = sourcecode.swift; path = PostFilter.swift; sourceTree = "<group>"; };
		2D0A1A9928A3F5E9003FC3FB /* UserCellView.swift */ = {isa = PBXFileReference; lastKnownFileType = sourcecode.swift; path = UserCellView.swift; sourceTree = "<group>"; };
		2D0A1AA028A3F887003FC3FB /* BurgerMenuCellView.swift */ = {isa = PBXFileReference; lastKnownFileType = sourcecode.swift; path = BurgerMenuCellView.swift; sourceTree = "<group>"; };
		2D0A1AA228A3F89F003FC3FB /* BurgerMenuView.swift */ = {isa = PBXFileReference; lastKnownFileType = sourcecode.swift; path = BurgerMenuView.swift; sourceTree = "<group>"; };
		2D0A1AA428A3F8BB003FC3FB /* BurgerMenuViewModel.swift */ = {isa = PBXFileReference; lastKnownFileType = sourcecode.swift; path = BurgerMenuViewModel.swift; sourceTree = "<group>"; };
		2D0A1AA628A3FA85003FC3FB /* UserInfoView.swift */ = {isa = PBXFileReference; lastKnownFileType = sourcecode.swift; path = UserInfoView.swift; sourceTree = "<group>"; };
		2D0A1AAB28A40587003FC3FB /* NewPostView.swift */ = {isa = PBXFileReference; lastKnownFileType = sourcecode.swift; path = NewPostView.swift; sourceTree = "<group>"; };
		2D0A1AAD28A40669003FC3FB /* TextPlace.swift */ = {isa = PBXFileReference; lastKnownFileType = sourcecode.swift; path = TextPlace.swift; sourceTree = "<group>"; };
/* End PBXFileReference section */

/* Begin PBXFrameworksBuildPhase section */
		2D0A1A6028A3E25E003FC3FB /* Frameworks */ = {
			isa = PBXFrameworksBuildPhase;
			buildActionMask = 2147483647;
			files = (
			);
			runOnlyForDeploymentPostprocessing = 0;
		};
/* End PBXFrameworksBuildPhase section */

/* Begin PBXGroup section */
		2D0A1A5A28A3E25E003FC3FB = {
			isa = PBXGroup;
			children = (
				2D0A1A6528A3E25E003FC3FB /* Elizbar_project */,
				2D0A1A6428A3E25E003FC3FB /* Products */,
			);
			sourceTree = "<group>";
		};
		2D0A1A6428A3E25E003FC3FB /* Products */ = {
			isa = PBXGroup;
			children = (
				2D0A1A6328A3E25E003FC3FB /* Elizbar_project.app */,
			);
			name = Products;
			sourceTree = "<group>";
		};
		2D0A1A6528A3E25E003FC3FB /* Elizbar_project */ = {
			isa = PBXGroup;
			children = (
				2D0A1A7728A3E29D003FC3FB /* Ext */,
				2D0A1A7628A3E29A003FC3FB /* Model */,
				2D0A1A7528A3E297003FC3FB /* Serv */,
				2D0A1A7428A3E27E003FC3FB /* Core */,
				2D0A1A6628A3E25E003FC3FB /* Elizbar_projectApp.swift */,
				2D0A1A6828A3E25E003FC3FB /* ContentView.swift */,
				2D0A1A6A28A3E265003FC3FB /* Assets.xcassets */,
				2D0A1A6C28A3E265003FC3FB /* Preview Content */,
			);
			path = Elizbar_project;
			sourceTree = "<group>";
		};
		2D0A1A6C28A3E265003FC3FB /* Preview Content */ = {
			isa = PBXGroup;
			children = (
				2D0A1A6D28A3E265003FC3FB /* Preview Assets.xcassets */,
			);
			path = "Preview Content";
			sourceTree = "<group>";
		};
		2D0A1A7428A3E27E003FC3FB /* Core */ = {
			isa = PBXGroup;
			children = (
				2D0A1AA828A40561003FC3FB /* UploadPost */,
				2D0A1A9B28A3F84D003FC3FB /* BurgerMenu */,
				2D0A1A7928A3E2DC003FC3FB /* Comp */,
				2D0A1A8728A3EA93003FC3FB /* Profile */,
				2D0A1A8628A3EA6A003FC3FB /* Explore */,
				2D0A1A8528A3EA67003FC3FB /* Notif */,
				2D0A1A8428A3EA64003FC3FB /* Messages */,
				2D0A1A8128A3E928003FC3FB /* BottomBar */,
				2D0A1A7828A3E2D9003FC3FB /* Feed */,
			);
			path = Core;
			sourceTree = "<group>";
		};
		2D0A1A7528A3E297003FC3FB /* Serv */ = {
			isa = PBXGroup;
			children = (
			);
			path = Serv;
			sourceTree = "<group>";
		};
		2D0A1A7628A3E29A003FC3FB /* Model */ = {
			isa = PBXGroup;
			children = (
			);
			path = Model;
			sourceTree = "<group>";
		};
		2D0A1A7728A3E29D003FC3FB /* Ext */ = {
			isa = PBXGroup;
			children = (
			);
			path = Ext;
			sourceTree = "<group>";
		};
		2D0A1A7828A3E2D9003FC3FB /* Feed */ = {
			isa = PBXGroup;
			children = (
				2D0A1A7A28A3E302003FC3FB /* ViewMod */,
				2D0A1A7B28A3E30B003FC3FB /* View */,
			);
			path = Feed;
			sourceTree = "<group>";
		};
		2D0A1A7928A3E2DC003FC3FB /* Comp */ = {
			isa = PBXGroup;
			children = (
				2D0A1A9828A3F5D9003FC3FB /* Users */,
				2D0A1A7E28A3E47C003FC3FB /* Tweets */,
				2D0A1AAD28A40669003FC3FB /* TextPlace.swift */,
			);
			path = Comp;
			sourceTree = "<group>";
		};
		2D0A1A7A28A3E302003FC3FB /* ViewMod */ = {
			isa = PBXGroup;
			children = (
			);
			path = ViewMod;
			sourceTree = "<group>";
		};
		2D0A1A7B28A3E30B003FC3FB /* View */ = {
			isa = PBXGroup;
			children = (
				2D0A1A7C28A3E336003FC3FB /* FeedView.swift */,
			);
			path = View;
			sourceTree = "<group>";
		};
		2D0A1A7E28A3E47C003FC3FB /* Tweets */ = {
			isa = PBXGroup;
			children = (
				2D0A1A7F28A3E4BA003FC3FB /* postCellView.swift */,
			);
			path = Tweets;
			sourceTree = "<group>";
		};
		2D0A1A8128A3E928003FC3FB /* BottomBar */ = {
			isa = PBXGroup;
			children = (
				2D0A1A8228A3E988003FC3FB /* BottomBarView.swift */,
			);
			path = BottomBar;
			sourceTree = "<group>";
		};
		2D0A1A8428A3EA64003FC3FB /* Messages */ = {
			isa = PBXGroup;
			children = (
				2D0A1A8C28A3EAF0003FC3FB /* MessagesView.swift */,
			);
			path = Messages;
			sourceTree = "<group>";
		};
		2D0A1A8528A3EA67003FC3FB /* Notif */ = {
			isa = PBXGroup;
			children = (
				2D0A1A8A28A3EADC003FC3FB /* NOtificationView.swift */,
			);
			path = Notif;
			sourceTree = "<group>";
		};
		2D0A1A8628A3EA6A003FC3FB /* Explore */ = {
			isa = PBXGroup;
			children = (
				2D0A1A9728A3F5C1003FC3FB /* ViewModel */,
				2D0A1A9628A3F5BF003FC3FB /* View */,
				2D0A1A8828A3EAAF003FC3FB /* SearchView.swift */,
			);
			path = Explore;
			sourceTree = "<group>";
		};
		2D0A1A8728A3EA93003FC3FB /* Profile */ = {
			isa = PBXGroup;
			children = (
				2D0A1A8F28A3EB94003FC3FB /* Views */,
				2D0A1A8E28A3EB8C003FC3FB /* ViewMod */,
			);
			path = Profile;
			sourceTree = "<group>";
		};
		2D0A1A8E28A3EB8C003FC3FB /* ViewMod */ = {
			isa = PBXGroup;
			children = (
				2D0A1A9428A3F234003FC3FB /* PostFilter.swift */,
			);
			path = ViewMod;
			sourceTree = "<group>";
		};
		2D0A1A8F28A3EB94003FC3FB /* Views */ = {
			isa = PBXGroup;
			children = (
				2D0A1A9028A3EBA1003FC3FB /* ProfileView.swift */,
			);
			path = Views;
			sourceTree = "<group>";
		};
		2D0A1A9628A3F5BF003FC3FB /* View */ = {
			isa = PBXGroup;
			children = (
			);
			path = View;
			sourceTree = "<group>";
		};
		2D0A1A9728A3F5C1003FC3FB /* ViewModel */ = {
			isa = PBXGroup;
			children = (
			);
			path = ViewModel;
			sourceTree = "<group>";
		};
		2D0A1A9828A3F5D9003FC3FB /* Users */ = {
			isa = PBXGroup;
			children = (
				2D0A1A9928A3F5E9003FC3FB /* UserCellView.swift */,
				2D0A1AA628A3FA85003FC3FB /* UserInfoView.swift */,
			);
			path = Users;
			sourceTree = "<group>";
		};
		2D0A1A9B28A3F84D003FC3FB /* BurgerMenu */ = {
			isa = PBXGroup;
			children = (
				2D0A1A9D28A3F867003FC3FB /* ViewMod */,
				2D0A1A9C28A3F85C003FC3FB /* View */,
			);
			path = BurgerMenu;
			sourceTree = "<group>";
		};
		2D0A1A9C28A3F85C003FC3FB /* View */ = {
			isa = PBXGroup;
			children = (
				2D0A1AA228A3F89F003FC3FB /* BurgerMenuView.swift */,
				2D0A1AA028A3F887003FC3FB /* BurgerMenuCellView.swift */,
			);
			path = View;
			sourceTree = "<group>";
		};
		2D0A1A9D28A3F867003FC3FB /* ViewMod */ = {
			isa = PBXGroup;
			children = (
				2D0A1AA428A3F8BB003FC3FB /* BurgerMenuViewModel.swift */,
			);
			path = ViewMod;
			sourceTree = "<group>";
		};
		2D0A1AA828A40561003FC3FB /* UploadPost */ = {
			isa = PBXGroup;
			children = (
				2D0A1AAA28A40577003FC3FB /* View */,
				2D0A1AA928A4056A003FC3FB /* ViewModel */,
			);
			path = UploadPost;
			sourceTree = "<group>";
		};
		2D0A1AA928A4056A003FC3FB /* ViewModel */ = {
			isa = PBXGroup;
			children = (
			);
			path = ViewModel;
			sourceTree = "<group>";
		};
		2D0A1AAA28A40577003FC3FB /* View */ = {
			isa = PBXGroup;
			children = (
				2D0A1AAB28A40587003FC3FB /* NewPostView.swift */,
			);
			path = View;
			sourceTree = "<group>";
		};
/* End PBXGroup section */

/* Begin PBXNativeTarget section */
		2D0A1A6228A3E25E003FC3FB /* Elizbar_project */ = {
			isa = PBXNativeTarget;
			buildConfigurationList = 2D0A1A7128A3E265003FC3FB /* Build configuration list for PBXNativeTarget "Elizbar_project" */;
			buildPhases = (
				2D0A1A5F28A3E25E003FC3FB /* Sources */,
				2D0A1A6028A3E25E003FC3FB /* Frameworks */,
				2D0A1A6128A3E25E003FC3FB /* Resources */,
			);
			buildRules = (
			);
			dependencies = (
			);
			name = Elizbar_project;
			productName = Elizbar_project;
			productReference = 2D0A1A6328A3E25E003FC3FB /* Elizbar_project.app */;
			productType = "com.apple.product-type.application";
		};
/* End PBXNativeTarget section */

/* Begin PBXProject section */
		2D0A1A5B28A3E25E003FC3FB /* Project object */ = {
			isa = PBXProject;
			attributes = {
				BuildIndependentTargetsInParallel = 1;
				LastSwiftUpdateCheck = 1340;
				LastUpgradeCheck = 1340;
				TargetAttributes = {
					2D0A1A6228A3E25E003FC3FB = {
						CreatedOnToolsVersion = 13.4.1;
					};
				};
			};
			buildConfigurationList = 2D0A1A5E28A3E25E003FC3FB /* Build configuration list for PBXProject "Elizbar_project" */;
			compatibilityVersion = "Xcode 13.0";
			developmentRegion = en;
			hasScannedForEncodings = 0;
			knownRegions = (
				en,
				Base,
			);
			mainGroup = 2D0A1A5A28A3E25E003FC3FB;
			productRefGroup = 2D0A1A6428A3E25E003FC3FB /* Products */;
			projectDirPath = "";
			projectRoot = "";
			targets = (
				2D0A1A6228A3E25E003FC3FB /* Elizbar_project */,
			);
		};
/* End PBXProject section */

/* Begin PBXResourcesBuildPhase section */
		2D0A1A6128A3E25E003FC3FB /* Resources */ = {
			isa = PBXResourcesBuildPhase;
			buildActionMask = 2147483647;
			files = (
				2D0A1A6E28A3E265003FC3FB /* Preview Assets.xcassets in Resources */,
				2D0A1A6B28A3E265003FC3FB /* Assets.xcassets in Resources */,
			);
			runOnlyForDeploymentPostprocessing = 0;
		};
/* End PBXResourcesBuildPhase section */

/* Begin PBXSourcesBuildPhase section */
		2D0A1A5F28A3E25E003FC3FB /* Sources */ = {
			isa = PBXSourcesBuildPhase;
			buildActionMask = 2147483647;
			files = (
				2D0A1A8D28A3EAF0003FC3FB /* MessagesView.swift in Sources */,
				2D0A1AAE28A40669003FC3FB /* TextPlace.swift in Sources */,
				2D0A1A9128A3EBA1003FC3FB /* ProfileView.swift in Sources */,
				2D0A1AA528A3F8BB003FC3FB /* BurgerMenuViewModel.swift in Sources */,
				2D0A1A6928A3E25E003FC3FB /* ContentView.swift in Sources */,
				2D0A1A7D28A3E336003FC3FB /* FeedView.swift in Sources */,
				2D0A1A9A28A3F5E9003FC3FB /* UserCellView.swift in Sources */,
				2D0A1AA328A3F89F003FC3FB /* BurgerMenuView.swift in Sources */,
				2D0A1AAC28A40587003FC3FB /* NewPostView.swift in Sources */,
				2D0A1A8028A3E4BA003FC3FB /* postCellView.swift in Sources */,
				2D0A1A9528A3F234003FC3FB /* PostFilter.swift in Sources */,
				2D0A1AA728A3FA85003FC3FB /* UserInfoView.swift in Sources */,
				2D0A1A8328A3E989003FC3FB /* BottomBarView.swift in Sources */,
				2D0A1A8928A3EAAF003FC3FB /* SearchView.swift in Sources */,
				2D0A1A6728A3E25E003FC3FB /* Elizbar_projectApp.swift in Sources */,
				2D0A1AA128A3F887003FC3FB /* BurgerMenuCellView.swift in Sources */,
				2D0A1A8B28A3EADC003FC3FB /* NOtificationView.swift in Sources */,
			);
			runOnlyForDeploymentPostprocessing = 0;
		};
/* End PBXSourcesBuildPhase section */

/* Begin XCBuildConfiguration section */
		2D0A1A6F28A3E265003FC3FB /* Debug */ = {
			isa = XCBuildConfiguration;
			buildSettings = {
				ALWAYS_SEARCH_USER_PATHS = NO;
				CLANG_ANALYZER_NONNULL = YES;
				CLANG_ANALYZER_NUMBER_OBJECT_CONVERSION = YES_AGGRESSIVE;
				CLANG_CXX_LANGUAGE_STANDARD = "gnu++17";
				CLANG_ENABLE_MODULES = YES;
				CLANG_ENABLE_OBJC_ARC = YES;
				CLANG_ENABLE_OBJC_WEAK = YES;
				CLANG_WARN_BLOCK_CAPTURE_AUTORELEASING = YES;
				CLANG_WARN_BOOL_CONVERSION = YES;
				CLANG_WARN_COMMA = YES;
				CLANG_WARN_CONSTANT_CONVERSION = YES;
				CLANG_WARN_DEPRECATED_OBJC_IMPLEMENTATIONS = YES;
				CLANG_WARN_DIRECT_OBJC_ISA_USAGE = YES_ERROR;
				CLANG_WARN_DOCUMENTATION_COMMENTS = YES;
				CLANG_WARN_EMPTY_BODY = YES;
				CLANG_WARN_ENUM_CONVERSION = YES;
				CLANG_WARN_INFINITE_RECURSION = YES;
				CLANG_WARN_INT_CONVERSION = YES;
				CLANG_WARN_NON_LITERAL_NULL_CONVERSION = YES;
				CLANG_WARN_OBJC_IMPLICIT_RETAIN_SELF = YES;
				CLANG_WARN_OBJC_LITERAL_CONVERSION = YES;
				CLANG_WARN_OBJC_ROOT_CLASS = YES_ERROR;
				CLANG_WARN_QUOTED_INCLUDE_IN_FRAMEWORK_HEADER = YES;
				CLANG_WARN_RANGE_LOOP_ANALYSIS = YES;
				CLANG_WARN_STRICT_PROTOTYPES = YES;
				CLANG_WARN_SUSPICIOUS_MOVE = YES;
				CLANG_WARN_UNGUARDED_AVAILABILITY = YES_AGGRESSIVE;
				CLANG_WARN_UNREACHABLE_CODE = YES;
				CLANG_WARN__DUPLICATE_METHOD_MATCH = YES;
				COPY_PHASE_STRIP = NO;
				DEBUG_INFORMATION_FORMAT = dwarf;
				ENABLE_STRICT_OBJC_MSGSEND = YES;
				ENABLE_TESTABILITY = YES;
				GCC_C_LANGUAGE_STANDARD = gnu11;
				GCC_DYNAMIC_NO_PIC = NO;
				GCC_NO_COMMON_BLOCKS = YES;
				GCC_OPTIMIZATION_LEVEL = 0;
				GCC_PREPROCESSOR_DEFINITIONS = (
					"DEBUG=1",
					"$(inherited)",
				);
				GCC_WARN_64_TO_32_BIT_CONVERSION = YES;
				GCC_WARN_ABOUT_RETURN_TYPE = YES_ERROR;
				GCC_WARN_UNDECLARED_SELECTOR = YES;
				GCC_WARN_UNINITIALIZED_AUTOS = YES_AGGRESSIVE;
				GCC_WARN_UNUSED_FUNCTION = YES;
				GCC_WARN_UNUSED_VARIABLE = YES;
				IPHONEOS_DEPLOYMENT_TARGET = 15.5;
				MTL_ENABLE_DEBUG_INFO = INCLUDE_SOURCE;
				MTL_FAST_MATH = YES;
				ONLY_ACTIVE_ARCH = YES;
				SDKROOT = iphoneos;
				SWIFT_ACTIVE_COMPILATION_CONDITIONS = DEBUG;
				SWIFT_OPTIMIZATION_LEVEL = "-Onone";
			};
			name = Debug;
		};
		2D0A1A7028A3E265003FC3FB /* Release */ = {
			isa = XCBuildConfiguration;
			buildSettings = {
				ALWAYS_SEARCH_USER_PATHS = NO;
				CLANG_ANALYZER_NONNULL = YES;
				CLANG_ANALYZER_NUMBER_OBJECT_CONVERSION = YES_AGGRESSIVE;
				CLANG_CXX_LANGUAGE_STANDARD = "gnu++17";
				CLANG_ENABLE_MODULES = YES;
				CLANG_ENABLE_OBJC_ARC = YES;
				CLANG_ENABLE_OBJC_WEAK = YES;
				CLANG_WARN_BLOCK_CAPTURE_AUTORELEASING = YES;
				CLANG_WARN_BOOL_CONVERSION = YES;
				CLANG_WARN_COMMA = YES;
				CLANG_WARN_CONSTANT_CONVERSION = YES;
				CLANG_WARN_DEPRECATED_OBJC_IMPLEMENTATIONS = YES;
				CLANG_WARN_DIRECT_OBJC_ISA_USAGE = YES_ERROR;
				CLANG_WARN_DOCUMENTATION_COMMENTS = YES;
				CLANG_WARN_EMPTY_BODY = YES;
				CLANG_WARN_ENUM_CONVERSION = YES;
				CLANG_WARN_INFINITE_RECURSION = YES;
				CLANG_WARN_INT_CONVERSION = YES;
				CLANG_WARN_NON_LITERAL_NULL_CONVERSION = YES;
				CLANG_WARN_OBJC_IMPLICIT_RETAIN_SELF = YES;
				CLANG_WARN_OBJC_LITERAL_CONVERSION = YES;
				CLANG_WARN_OBJC_ROOT_CLASS = YES_ERROR;
				CLANG_WARN_QUOTED_INCLUDE_IN_FRAMEWORK_HEADER = YES;
				CLANG_WARN_RANGE_LOOP_ANALYSIS = YES;
				CLANG_WARN_STRICT_PROTOTYPES = YES;
				CLANG_WARN_SUSPICIOUS_MOVE = YES;
				CLANG_WARN_UNGUARDED_AVAILABILITY = YES_AGGRESSIVE;
				CLANG_WARN_UNREACHABLE_CODE = YES;
				CLANG_WARN__DUPLICATE_METHOD_MATCH = YES;
				COPY_PHASE_STRIP = NO;
				DEBUG_INFORMATION_FORMAT = "dwarf-with-dsym";
				ENABLE_NS_ASSERTIONS = NO;
				ENABLE_STRICT_OBJC_MSGSEND = YES;
				GCC_C_LANGUAGE_STANDARD = gnu11;
				GCC_NO_COMMON_BLOCKS = YES;
				GCC_WARN_64_TO_32_BIT_CONVERSION = YES;
				GCC_WARN_ABOUT_RETURN_TYPE = YES_ERROR;
				GCC_WARN_UNDECLARED_SELECTOR = YES;
				GCC_WARN_UNINITIALIZED_AUTOS = YES_AGGRESSIVE;
				GCC_WARN_UNUSED_FUNCTION = YES;
				GCC_WARN_UNUSED_VARIABLE = YES;
				IPHONEOS_DEPLOYMENT_TARGET = 15.5;
				MTL_ENABLE_DEBUG_INFO = NO;
				MTL_FAST_MATH = YES;
				SDKROOT = iphoneos;
				SWIFT_COMPILATION_MODE = wholemodule;
				SWIFT_OPTIMIZATION_LEVEL = "-O";
				VALIDATE_PRODUCT = YES;
			};
			name = Release;
		};
		2D0A1A7228A3E265003FC3FB /* Debug */ = {
			isa = XCBuildConfiguration;
			buildSettings = {
				ASSETCATALOG_COMPILER_APPICON_NAME = AppIcon;
				ASSETCATALOG_COMPILER_GLOBAL_ACCENT_COLOR_NAME = AccentColor;
				CODE_SIGN_STYLE = Automatic;
				CURRENT_PROJECT_VERSION = 1;
				DEVELOPMENT_ASSET_PATHS = "\"Elizbar_project/Preview Content\"";
				DEVELOPMENT_TEAM = R2WDS6ZMQ6;
				ENABLE_PREVIEWS = YES;
				GENERATE_INFOPLIST_FILE = YES;
				INFOPLIST_KEY_UIApplicationSceneManifest_Generation = YES;
				INFOPLIST_KEY_UIApplicationSupportsIndirectInputEvents = YES;
				INFOPLIST_KEY_UILaunchScreen_Generation = YES;
				INFOPLIST_KEY_UISupportedInterfaceOrientations_iPad = "UIInterfaceOrientationPortrait UIInterfaceOrientationPortraitUpsideDown UIInterfaceOrientationLandscapeLeft UIInterfaceOrientationLandscapeRight";
				INFOPLIST_KEY_UISupportedInterfaceOrientations_iPhone = "UIInterfaceOrientationPortrait UIInterfaceOrientationLandscapeLeft UIInterfaceOrientationLandscapeRight";
				LD_RUNPATH_SEARCH_PATHS = (
					"$(inherited)",
					"@executable_path/Frameworks",
				);
				MARKETING_VERSION = 1.0;
				PRODUCT_BUNDLE_IDENTIFIER = "Elizbar-Personal.Elizbar-project";
				PRODUCT_NAME = "$(TARGET_NAME)";
				SWIFT_EMIT_LOC_STRINGS = YES;
				SWIFT_VERSION = 5.0;
				TARGETED_DEVICE_FAMILY = "1,2";
			};
			name = Debug;
		};
		2D0A1A7328A3E265003FC3FB /* Release */ = {
			isa = XCBuildConfiguration;
			buildSettings = {
				ASSETCATALOG_COMPILER_APPICON_NAME = AppIcon;
				ASSETCATALOG_COMPILER_GLOBAL_ACCENT_COLOR_NAME = AccentColor;
				CODE_SIGN_STYLE = Automatic;
				CURRENT_PROJECT_VERSION = 1;
				DEVELOPMENT_ASSET_PATHS = "\"Elizbar_project/Preview Content\"";
				DEVELOPMENT_TEAM = R2WDS6ZMQ6;
				ENABLE_PREVIEWS = YES;
				GENERATE_INFOPLIST_FILE = YES;
				INFOPLIST_KEY_UIApplicationSceneManifest_Generation = YES;
				INFOPLIST_KEY_UIApplicationSupportsIndirectInputEvents = YES;
				INFOPLIST_KEY_UILaunchScreen_Generation = YES;
				INFOPLIST_KEY_UISupportedInterfaceOrientations_iPad = "UIInterfaceOrientationPortrait UIInterfaceOrientationPortraitUpsideDown UIInterfaceOrientationLandscapeLeft UIInterfaceOrientationLandscapeRight";
				INFOPLIST_KEY_UISupportedInterfaceOrientations_iPhone = "UIInterfaceOrientationPortrait UIInterfaceOrientationLandscapeLeft UIInterfaceOrientationLandscapeRight";
				LD_RUNPATH_SEARCH_PATHS = (
					"$(inherited)",
					"@executable_path/Frameworks",
				);
				MARKETING_VERSION = 1.0;
				PRODUCT_BUNDLE_IDENTIFIER = "Elizbar-Personal.Elizbar-project";
				PRODUCT_NAME = "$(TARGET_NAME)";
				SWIFT_EMIT_LOC_STRINGS = YES;
				SWIFT_VERSION = 5.0;
				TARGETED_DEVICE_FAMILY = "1,2";
			};
			name = Release;
		};
/* End XCBuildConfiguration section */

/* Begin XCConfigurationList section */
		2D0A1A5E28A3E25E003FC3FB /* Build configuration list for PBXProject "Elizbar_project" */ = {
			isa = XCConfigurationList;
			buildConfigurations = (
				2D0A1A6F28A3E265003FC3FB /* Debug */,
				2D0A1A7028A3E265003FC3FB /* Release */,
			);
			defaultConfigurationIsVisible = 0;
			defaultConfigurationName = Release;
		};
		2D0A1A7128A3E265003FC3FB /* Build configuration list for PBXNativeTarget "Elizbar_project" */ = {
			isa = XCConfigurationList;
			buildConfigurations = (
				2D0A1A7228A3E265003FC3FB /* Debug */,
				2D0A1A7328A3E265003FC3FB /* Release */,
			);
			defaultConfigurationIsVisible = 0;
			defaultConfigurationName = Release;
		};
/* End XCConfigurationList section */
	};
	rootObject = 2D0A1A5B28A3E25E003FC3FB /* Project object */;
}
